// !$*UTF8*$!
{
	archiveVersion = 1;
	classes = {
	};
	objectVersion = 56;
	objects = {

/* Begin PBXBuildFile section */
		2C26B3B92ABA0680000FF7D6 /* State in Frameworks */ = {isa = PBXBuildFile; productRef = 2C26B3B82ABA0680000FF7D6 /* State */; };
		2C3C490D2AC34E060030E5EC /* Realm in Frameworks */ = {isa = PBXBuildFile; productRef = 2C3C490C2AC34E060030E5EC /* Realm */; };
		2C3C490F2AC34E060030E5EC /* RealmSwift in Frameworks */ = {isa = PBXBuildFile; productRef = 2C3C490E2AC34E060030E5EC /* RealmSwift */; };
		2C3CCE372AC709A60030E5EC /* Core in Frameworks */ = {isa = PBXBuildFile; productRef = 2C3CCE362AC709A60030E5EC /* Core */; };
		2C3CCE3A2AC710C90030E5EC /* Models in Frameworks */ = {isa = PBXBuildFile; productRef = 2C3CCE392AC710C90030E5EC /* Models */; };
		2C3CCE472AC86B180030E5EC /* DreamsCoordinator.swift in Sources */ = {isa = PBXBuildFile; fileRef = 2C3CCE462AC86B180030E5EC /* DreamsCoordinator.swift */; };
		2C4D2E632AB9FB03005F731D /* AppDelegate.swift in Sources */ = {isa = PBXBuildFile; fileRef = 2C4D2E622AB9FB03005F731D /* AppDelegate.swift */; };
		2C4D2E652AB9FB03005F731D /* SceneDelegate.swift in Sources */ = {isa = PBXBuildFile; fileRef = 2C4D2E642AB9FB03005F731D /* SceneDelegate.swift */; };
		2C4D2E672AB9FB03005F731D /* ViewController.swift in Sources */ = {isa = PBXBuildFile; fileRef = 2C4D2E662AB9FB03005F731D /* ViewController.swift */; };
		2C4D2E6C2AB9FB04005F731D /* Assets.xcassets in Resources */ = {isa = PBXBuildFile; fileRef = 2C4D2E6B2AB9FB04005F731D /* Assets.xcassets */; };
		2C4D2E6F2AB9FB04005F731D /* LaunchScreen.storyboard in Resources */ = {isa = PBXBuildFile; fileRef = 2C4D2E6D2AB9FB04005F731D /* LaunchScreen.storyboard */; };
		2C4D2E7A2AB9FB04005F731D /* BucketListTests.swift in Sources */ = {isa = PBXBuildFile; fileRef = 2C4D2E792AB9FB04005F731D /* BucketListTests.swift */; };
		2C4D2E842AB9FB04005F731D /* BucketListUITests.swift in Sources */ = {isa = PBXBuildFile; fileRef = 2C4D2E832AB9FB04005F731D /* BucketListUITests.swift */; };
		2C4D2E862AB9FB04005F731D /* BucketListUITestsLaunchTests.swift in Sources */ = {isa = PBXBuildFile; fileRef = 2C4D2E852AB9FB04005F731D /* BucketListUITestsLaunchTests.swift */; };
/* End PBXBuildFile section */

/* Begin PBXContainerItemProxy section */
		2C4D2E762AB9FB04005F731D /* PBXContainerItemProxy */ = {
			isa = PBXContainerItemProxy;
			containerPortal = 2C4D2E572AB9FB03005F731D /* Project object */;
			proxyType = 1;
			remoteGlobalIDString = 2C4D2E5E2AB9FB03005F731D;
			remoteInfo = BucketList;
		};
		2C4D2E802AB9FB04005F731D /* PBXContainerItemProxy */ = {
			isa = PBXContainerItemProxy;
			containerPortal = 2C4D2E572AB9FB03005F731D /* Project object */;
			proxyType = 1;
			remoteGlobalIDString = 2C4D2E5E2AB9FB03005F731D;
			remoteInfo = BucketList;
		};
/* End PBXContainerItemProxy section */

/* Begin PBXFileReference section */
		2C26B3B72ABA0605000FF7D6 /* State */ = {isa = PBXFileReference; lastKnownFileType = wrapper; name = State; path = LocalPackages/State; sourceTree = "<group>"; };
		2C3CCE352AC7099D0030E5EC /* Core */ = {isa = PBXFileReference; lastKnownFileType = wrapper; name = Core; path = LocalPackages/Core; sourceTree = "<group>"; };
		2C3CCE382AC710C00030E5EC /* Models */ = {isa = PBXFileReference; lastKnownFileType = wrapper; name = Models; path = LocalPackages/Models; sourceTree = "<group>"; };
		2C3CCE462AC86B180030E5EC /* DreamsCoordinator.swift */ = {isa = PBXFileReference; lastKnownFileType = sourcecode.swift; path = DreamsCoordinator.swift; sourceTree = "<group>"; };
		2C4D2E5F2AB9FB03005F731D /* BucketList.app */ = {isa = PBXFileReference; explicitFileType = wrapper.application; includeInIndex = 0; path = BucketList.app; sourceTree = BUILT_PRODUCTS_DIR; };
		2C4D2E622AB9FB03005F731D /* AppDelegate.swift */ = {isa = PBXFileReference; lastKnownFileType = sourcecode.swift; path = AppDelegate.swift; sourceTree = "<group>"; };
		2C4D2E642AB9FB03005F731D /* SceneDelegate.swift */ = {isa = PBXFileReference; lastKnownFileType = sourcecode.swift; path = SceneDelegate.swift; sourceTree = "<group>"; };
		2C4D2E662AB9FB03005F731D /* ViewController.swift */ = {isa = PBXFileReference; lastKnownFileType = sourcecode.swift; path = ViewController.swift; sourceTree = "<group>"; };
		2C4D2E6B2AB9FB04005F731D /* Assets.xcassets */ = {isa = PBXFileReference; lastKnownFileType = folder.assetcatalog; path = Assets.xcassets; sourceTree = "<group>"; };
		2C4D2E6E2AB9FB04005F731D /* Base */ = {isa = PBXFileReference; lastKnownFileType = file.storyboard; name = Base; path = Base.lproj/LaunchScreen.storyboard; sourceTree = "<group>"; };
		2C4D2E702AB9FB04005F731D /* Info.plist */ = {isa = PBXFileReference; lastKnownFileType = text.plist.xml; name = Info.plist; path = BucketList/SupportingFiles/Info.plist; sourceTree = SOURCE_ROOT; };
		2C4D2E752AB9FB04005F731D /* BucketListTests.xctest */ = {isa = PBXFileReference; explicitFileType = wrapper.cfbundle; includeInIndex = 0; path = BucketListTests.xctest; sourceTree = BUILT_PRODUCTS_DIR; };
		2C4D2E792AB9FB04005F731D /* BucketListTests.swift */ = {isa = PBXFileReference; lastKnownFileType = sourcecode.swift; path = BucketListTests.swift; sourceTree = "<group>"; };
		2C4D2E7F2AB9FB04005F731D /* BucketListUITests.xctest */ = {isa = PBXFileReference; explicitFileType = wrapper.cfbundle; includeInIndex = 0; path = BucketListUITests.xctest; sourceTree = BUILT_PRODUCTS_DIR; };
		2C4D2E832AB9FB04005F731D /* BucketListUITests.swift */ = {isa = PBXFileReference; lastKnownFileType = sourcecode.swift; path = BucketListUITests.swift; sourceTree = "<group>"; };
		2C4D2E852AB9FB04005F731D /* BucketListUITestsLaunchTests.swift */ = {isa = PBXFileReference; lastKnownFileType = sourcecode.swift; path = BucketListUITestsLaunchTests.swift; sourceTree = "<group>"; };
/* End PBXFileReference section */

/* Begin PBXFrameworksBuildPhase section */
		2C4D2E5C2AB9FB03005F731D /* Frameworks */ = {
			isa = PBXFrameworksBuildPhase;
			buildActionMask = 2147483647;
			files = (
				2C3CCE3A2AC710C90030E5EC /* Models in Frameworks */,
				2C3C490F2AC34E060030E5EC /* RealmSwift in Frameworks */,
				2C3CCE372AC709A60030E5EC /* Core in Frameworks */,
				2C3C490D2AC34E060030E5EC /* Realm in Frameworks */,
				2C26B3B92ABA0680000FF7D6 /* State in Frameworks */,
			);
			runOnlyForDeploymentPostprocessing = 0;
		};
		2C4D2E722AB9FB04005F731D /* Frameworks */ = {
			isa = PBXFrameworksBuildPhase;
			buildActionMask = 2147483647;
			files = (
			);
			runOnlyForDeploymentPostprocessing = 0;
		};
		2C4D2E7C2AB9FB04005F731D /* Frameworks */ = {
			isa = PBXFrameworksBuildPhase;
			buildActionMask = 2147483647;
			files = (
			);
			runOnlyForDeploymentPostprocessing = 0;
		};
/* End PBXFrameworksBuildPhase section */

/* Begin PBXGroup section */
		2C26B3B02ABA0203000FF7D6 /* Frameworks */ = {
			isa = PBXGroup;
			children = (
			);
			name = Frameworks;
			sourceTree = "<group>";
		};
		2C26B3B32ABA04F4000FF7D6 /* Packages */ = {
			isa = PBXGroup;
			children = (
				2C26B3B72ABA0605000FF7D6 /* State */,
				2C3CCE352AC7099D0030E5EC /* Core */,
				2C3CCE382AC710C00030E5EC /* Models */,
			);
			name = Packages;
			sourceTree = "<group>";
		};
		2C3C49112AC3501D0030E5EC /* Sources */ = {
			isa = PBXGroup;
			children = (
				2C3CCE452AC86AF80030E5EC /* Coordinators */,
				2C3CCE432AC86AD10030E5EC /* UI */,
				2C3CCE3F2AC731340030E5EC /* DI */,
			);
			path = Sources;
			sourceTree = "<group>";
		};
		2C3C49122AC350260030E5EC /* Resources */ = {
			isa = PBXGroup;
			children = (
				2C3C49142AC3512C0030E5EC /* Assets */,
				2C4D2E6D2AB9FB04005F731D /* LaunchScreen.storyboard */,
			);
			path = Resources;
			sourceTree = "<group>";
		};
		2C3C49132AC350EB0030E5EC /* SupportingFiles */ = {
			isa = PBXGroup;
			children = (
				2C4D2E702AB9FB04005F731D /* Info.plist */,
				2C4D2E642AB9FB03005F731D /* SceneDelegate.swift */,
				2C4D2E622AB9FB03005F731D /* AppDelegate.swift */,
			);
			path = SupportingFiles;
			sourceTree = "<group>";
		};
		2C3C49142AC3512C0030E5EC /* Assets */ = {
			isa = PBXGroup;
			children = (
				2C4D2E6B2AB9FB04005F731D /* Assets.xcassets */,
			);
			path = Assets;
			sourceTree = "<group>";
		};
		2C3CCE3F2AC731340030E5EC /* DI */ = {
			isa = PBXGroup;
			children = (
			);
			path = DI;
			sourceTree = "<group>";
		};
		2C3CCE432AC86AD10030E5EC /* UI */ = {
			isa = PBXGroup;
			children = (
				2C3CCE442AC86ADD0030E5EC /* DreamsList */,
			);
			path = UI;
			sourceTree = "<group>";
		};
		2C3CCE442AC86ADD0030E5EC /* DreamsList */ = {
			isa = PBXGroup;
			children = (
				2C4D2E662AB9FB03005F731D /* ViewController.swift */,
			);
			path = DreamsList;
			sourceTree = "<group>";
		};
		2C3CCE452AC86AF80030E5EC /* Coordinators */ = {
			isa = PBXGroup;
			children = (
				2C3CCE462AC86B180030E5EC /* DreamsCoordinator.swift */,
			);
			path = Coordinators;
			sourceTree = "<group>";
		};
		2C4D2E562AB9FB03005F731D = {
			isa = PBXGroup;
			children = (
				2C26B3B32ABA04F4000FF7D6 /* Packages */,
				2C4D2E612AB9FB03005F731D /* BucketList */,
				2C4D2E782AB9FB04005F731D /* BucketListTests */,
				2C4D2E822AB9FB04005F731D /* BucketListUITests */,
				2C4D2E602AB9FB03005F731D /* Products */,
				2C26B3B02ABA0203000FF7D6 /* Frameworks */,
			);
			sourceTree = "<group>";
		};
		2C4D2E602AB9FB03005F731D /* Products */ = {
			isa = PBXGroup;
			children = (
				2C4D2E5F2AB9FB03005F731D /* BucketList.app */,
				2C4D2E752AB9FB04005F731D /* BucketListTests.xctest */,
				2C4D2E7F2AB9FB04005F731D /* BucketListUITests.xctest */,
			);
			name = Products;
			sourceTree = "<group>";
		};
		2C4D2E612AB9FB03005F731D /* BucketList */ = {
			isa = PBXGroup;
			children = (
				2C3C49132AC350EB0030E5EC /* SupportingFiles */,
				2C3C49122AC350260030E5EC /* Resources */,
				2C3C49112AC3501D0030E5EC /* Sources */,
			);
			path = BucketList;
			sourceTree = "<group>";
		};
		2C4D2E782AB9FB04005F731D /* BucketListTests */ = {
			isa = PBXGroup;
			children = (
				2C4D2E792AB9FB04005F731D /* BucketListTests.swift */,
			);
			path = BucketListTests;
			sourceTree = "<group>";
		};
		2C4D2E822AB9FB04005F731D /* BucketListUITests */ = {
			isa = PBXGroup;
			children = (
				2C4D2E832AB9FB04005F731D /* BucketListUITests.swift */,
				2C4D2E852AB9FB04005F731D /* BucketListUITestsLaunchTests.swift */,
			);
			path = BucketListUITests;
			sourceTree = "<group>";
		};
/* End PBXGroup section */

/* Begin PBXNativeTarget section */
		2C4D2E5E2AB9FB03005F731D /* BucketList */ = {
			isa = PBXNativeTarget;
			buildConfigurationList = 2C4D2E892AB9FB04005F731D /* Build configuration list for PBXNativeTarget "BucketList" */;
			buildPhases = (
				2C26B3BA2ABA06F8000FF7D6 /* Linter */,
				2C4D2E5B2AB9FB03005F731D /* Sources */,
				2C4D2E5C2AB9FB03005F731D /* Frameworks */,
				2C4D2E5D2AB9FB03005F731D /* Resources */,
			);
			buildRules = (
			);
			dependencies = (
			);
			name = BucketList;
			packageProductDependencies = (
				2C26B3B82ABA0680000FF7D6 /* State */,
				2C3C490C2AC34E060030E5EC /* Realm */,
				2C3C490E2AC34E060030E5EC /* RealmSwift */,
				2C3CCE362AC709A60030E5EC /* Core */,
				2C3CCE392AC710C90030E5EC /* Models */,
			);
			productName = BucketList;
			productReference = 2C4D2E5F2AB9FB03005F731D /* BucketList.app */;
			productType = "com.apple.product-type.application";
		};
		2C4D2E742AB9FB04005F731D /* BucketListTests */ = {
			isa = PBXNativeTarget;
			buildConfigurationList = 2C4D2E8C2AB9FB04005F731D /* Build configuration list for PBXNativeTarget "BucketListTests" */;
			buildPhases = (
				2C4D2E712AB9FB04005F731D /* Sources */,
				2C4D2E722AB9FB04005F731D /* Frameworks */,
				2C4D2E732AB9FB04005F731D /* Resources */,
			);
			buildRules = (
			);
			dependencies = (
				2C4D2E772AB9FB04005F731D /* PBXTargetDependency */,
			);
			name = BucketListTests;
			productName = BucketListTests;
			productReference = 2C4D2E752AB9FB04005F731D /* BucketListTests.xctest */;
			productType = "com.apple.product-type.bundle.unit-test";
		};
		2C4D2E7E2AB9FB04005F731D /* BucketListUITests */ = {
			isa = PBXNativeTarget;
			buildConfigurationList = 2C4D2E8F2AB9FB04005F731D /* Build configuration list for PBXNativeTarget "BucketListUITests" */;
			buildPhases = (
				2C4D2E7B2AB9FB04005F731D /* Sources */,
				2C4D2E7C2AB9FB04005F731D /* Frameworks */,
				2C4D2E7D2AB9FB04005F731D /* Resources */,
			);
			buildRules = (
			);
			dependencies = (
				2C4D2E812AB9FB04005F731D /* PBXTargetDependency */,
			);
			name = BucketListUITests;
			productName = BucketListUITests;
			productReference = 2C4D2E7F2AB9FB04005F731D /* BucketListUITests.xctest */;
			productType = "com.apple.product-type.bundle.ui-testing";
		};
/* End PBXNativeTarget section */

/* Begin PBXProject section */
		2C4D2E572AB9FB03005F731D /* Project object */ = {
			isa = PBXProject;
			attributes = {
				BuildIndependentTargetsInParallel = 1;
				LastSwiftUpdateCheck = 1430;
				LastUpgradeCheck = 1430;
				TargetAttributes = {
					2C4D2E5E2AB9FB03005F731D = {
						CreatedOnToolsVersion = 14.3;
					};
					2C4D2E742AB9FB04005F731D = {
						CreatedOnToolsVersion = 14.3;
						TestTargetID = 2C4D2E5E2AB9FB03005F731D;
					};
					2C4D2E7E2AB9FB04005F731D = {
						CreatedOnToolsVersion = 14.3;
						TestTargetID = 2C4D2E5E2AB9FB03005F731D;
					};
				};
			};
			buildConfigurationList = 2C4D2E5A2AB9FB03005F731D /* Build configuration list for PBXProject "BucketList" */;
			compatibilityVersion = "Xcode 14.0";
			developmentRegion = en;
			hasScannedForEncodings = 0;
			knownRegions = (
				en,
				Base,
			);
			mainGroup = 2C4D2E562AB9FB03005F731D;
			packageReferences = (
				2C3C490B2AC34E060030E5EC /* XCRemoteSwiftPackageReference "realm-swift" */,
			);
			productRefGroup = 2C4D2E602AB9FB03005F731D /* Products */;
			projectDirPath = "";
			projectRoot = "";
			targets = (
				2C4D2E5E2AB9FB03005F731D /* BucketList */,
				2C4D2E742AB9FB04005F731D /* BucketListTests */,
				2C4D2E7E2AB9FB04005F731D /* BucketListUITests */,
			);
		};
/* End PBXProject section */

/* Begin PBXResourcesBuildPhase section */
		2C4D2E5D2AB9FB03005F731D /* Resources */ = {
			isa = PBXResourcesBuildPhase;
			buildActionMask = 2147483647;
			files = (
				2C4D2E6F2AB9FB04005F731D /* LaunchScreen.storyboard in Resources */,
				2C4D2E6C2AB9FB04005F731D /* Assets.xcassets in Resources */,
			);
			runOnlyForDeploymentPostprocessing = 0;
		};
		2C4D2E732AB9FB04005F731D /* Resources */ = {
			isa = PBXResourcesBuildPhase;
			buildActionMask = 2147483647;
			files = (
			);
			runOnlyForDeploymentPostprocessing = 0;
		};
		2C4D2E7D2AB9FB04005F731D /* Resources */ = {
			isa = PBXResourcesBuildPhase;
			buildActionMask = 2147483647;
			files = (
			);
			runOnlyForDeploymentPostprocessing = 0;
		};
/* End PBXResourcesBuildPhase section */

/* Begin PBXShellScriptBuildPhase section */
		2C26B3BA2ABA06F8000FF7D6 /* Linter */ = {
			isa = PBXShellScriptBuildPhase;
			buildActionMask = 2147483647;
			files = (
			);
			inputFileListPaths = (
			);
			inputPaths = (
			);
			name = Linter;
			outputFileListPaths = (
			);
			outputPaths = (
			);
			runOnlyForDeploymentPostprocessing = 0;
			shellPath = /bin/sh;
			shellScript = "if [[ \"$(uname -m)\" == arm64 ]]; then\n    export PATH=\"/opt/homebrew/bin:$PATH\"\nfi\n\nif which swiftlint > /dev/null; then\n  swiftlint\nelse\n  echo \"warning: SwiftLint not installed, download from https://github.com/realm/SwiftLint\"\nfi\n";
		};
/* End PBXShellScriptBuildPhase section */

/* Begin PBXSourcesBuildPhase section */
		2C4D2E5B2AB9FB03005F731D /* Sources */ = {
			isa = PBXSourcesBuildPhase;
			buildActionMask = 2147483647;
			files = (
				2C4D2E672AB9FB03005F731D /* ViewController.swift in Sources */,
				2C4D2E632AB9FB03005F731D /* AppDelegate.swift in Sources */,
				2C3CCE472AC86B180030E5EC /* DreamsCoordinator.swift in Sources */,
				2C4D2E652AB9FB03005F731D /* SceneDelegate.swift in Sources */,
			);
			runOnlyForDeploymentPostprocessing = 0;
		};
		2C4D2E712AB9FB04005F731D /* Sources */ = {
			isa = PBXSourcesBuildPhase;
			buildActionMask = 2147483647;
			files = (
				2C4D2E7A2AB9FB04005F731D /* BucketListTests.swift in Sources */,
			);
			runOnlyForDeploymentPostprocessing = 0;
		};
		2C4D2E7B2AB9FB04005F731D /* Sources */ = {
			isa = PBXSourcesBuildPhase;
			buildActionMask = 2147483647;
			files = (
				2C4D2E862AB9FB04005F731D /* BucketListUITestsLaunchTests.swift in Sources */,
				2C4D2E842AB9FB04005F731D /* BucketListUITests.swift in Sources */,
			);
			runOnlyForDeploymentPostprocessing = 0;
		};
/* End PBXSourcesBuildPhase section */

/* Begin PBXTargetDependency section */
		2C4D2E772AB9FB04005F731D /* PBXTargetDependency */ = {
			isa = PBXTargetDependency;
			target = 2C4D2E5E2AB9FB03005F731D /* BucketList */;
			targetProxy = 2C4D2E762AB9FB04005F731D /* PBXContainerItemProxy */;
		};
		2C4D2E812AB9FB04005F731D /* PBXTargetDependency */ = {
			isa = PBXTargetDependency;
			target = 2C4D2E5E2AB9FB03005F731D /* BucketList */;
			targetProxy = 2C4D2E802AB9FB04005F731D /* PBXContainerItemProxy */;
		};
/* End PBXTargetDependency section */

/* Begin PBXVariantGroup section */
		2C4D2E6D2AB9FB04005F731D /* LaunchScreen.storyboard */ = {
			isa = PBXVariantGroup;
			children = (
				2C4D2E6E2AB9FB04005F731D /* Base */,
			);
			name = LaunchScreen.storyboard;
			sourceTree = "<group>";
		};
/* End PBXVariantGroup section */

/* Begin XCBuildConfiguration section */
		2C4D2E872AB9FB04005F731D /* Debug */ = {
			isa = XCBuildConfiguration;
			buildSettings = {
				ALWAYS_SEARCH_USER_PATHS = NO;
				CLANG_ANALYZER_NONNULL = YES;
				CLANG_ANALYZER_NUMBER_OBJECT_CONVERSION = YES_AGGRESSIVE;
				CLANG_CXX_LANGUAGE_STANDARD = "gnu++20";
				CLANG_ENABLE_MODULES = YES;
				CLANG_ENABLE_OBJC_ARC = YES;
				CLANG_ENABLE_OBJC_WEAK = YES;
				CLANG_WARN_BLOCK_CAPTURE_AUTORELEASING = YES;
				CLANG_WARN_BOOL_CONVERSION = YES;
				CLANG_WARN_COMMA = YES;
				CLANG_WARN_CONSTANT_CONVERSION = YES;
				CLANG_WARN_DEPRECATED_OBJC_IMPLEMENTATIONS = YES;
				CLANG_WARN_DIRECT_OBJC_ISA_USAGE = YES_ERROR;
				CLANG_WARN_DOCUMENTATION_COMMENTS = YES;
				CLANG_WARN_EMPTY_BODY = YES;
				CLANG_WARN_ENUM_CONVERSION = YES;
				CLANG_WARN_INFINITE_RECURSION = YES;
				CLANG_WARN_INT_CONVERSION = YES;
				CLANG_WARN_NON_LITERAL_NULL_CONVERSION = YES;
				CLANG_WARN_OBJC_IMPLICIT_RETAIN_SELF = YES;
				CLANG_WARN_OBJC_LITERAL_CONVERSION = YES;
				CLANG_WARN_OBJC_ROOT_CLASS = YES_ERROR;
				CLANG_WARN_QUOTED_INCLUDE_IN_FRAMEWORK_HEADER = YES;
				CLANG_WARN_RANGE_LOOP_ANALYSIS = YES;
				CLANG_WARN_STRICT_PROTOTYPES = YES;
				CLANG_WARN_SUSPICIOUS_MOVE = YES;
				CLANG_WARN_UNGUARDED_AVAILABILITY = YES_AGGRESSIVE;
				CLANG_WARN_UNREACHABLE_CODE = YES;
				CLANG_WARN__DUPLICATE_METHOD_MATCH = YES;
				COPY_PHASE_STRIP = NO;
				DEBUG_INFORMATION_FORMAT = dwarf;
				ENABLE_STRICT_OBJC_MSGSEND = YES;
				ENABLE_TESTABILITY = YES;
				GCC_C_LANGUAGE_STANDARD = gnu11;
				GCC_DYNAMIC_NO_PIC = NO;
				GCC_NO_COMMON_BLOCKS = YES;
				GCC_OPTIMIZATION_LEVEL = 0;
				GCC_PREPROCESSOR_DEFINITIONS = (
					"DEBUG=1",
					"$(inherited)",
				);
				GCC_WARN_64_TO_32_BIT_CONVERSION = YES;
				GCC_WARN_ABOUT_RETURN_TYPE = YES_ERROR;
				GCC_WARN_UNDECLARED_SELECTOR = YES;
				GCC_WARN_UNINITIALIZED_AUTOS = YES_AGGRESSIVE;
				GCC_WARN_UNUSED_FUNCTION = YES;
				GCC_WARN_UNUSED_VARIABLE = YES;
				IPHONEOS_DEPLOYMENT_TARGET = 16.4;
				MTL_ENABLE_DEBUG_INFO = INCLUDE_SOURCE;
				MTL_FAST_MATH = YES;
				ONLY_ACTIVE_ARCH = YES;
				SDKROOT = iphoneos;
				SWIFT_ACTIVE_COMPILATION_CONDITIONS = DEBUG;
				SWIFT_OPTIMIZATION_LEVEL = "-Onone";
			};
			name = Debug;
		};
		2C4D2E882AB9FB04005F731D /* Release */ = {
			isa = XCBuildConfiguration;
			buildSettings = {
				ALWAYS_SEARCH_USER_PATHS = NO;
				CLANG_ANALYZER_NONNULL = YES;
				CLANG_ANALYZER_NUMBER_OBJECT_CONVERSION = YES_AGGRESSIVE;
				CLANG_CXX_LANGUAGE_STANDARD = "gnu++20";
				CLANG_ENABLE_MODULES = YES;
				CLANG_ENABLE_OBJC_ARC = YES;
				CLANG_ENABLE_OBJC_WEAK = YES;
				CLANG_WARN_BLOCK_CAPTURE_AUTORELEASING = YES;
				CLANG_WARN_BOOL_CONVERSION = YES;
				CLANG_WARN_COMMA = YES;
				CLANG_WARN_CONSTANT_CONVERSION = YES;
				CLANG_WARN_DEPRECATED_OBJC_IMPLEMENTATIONS = YES;
				CLANG_WARN_DIRECT_OBJC_ISA_USAGE = YES_ERROR;
				CLANG_WARN_DOCUMENTATION_COMMENTS = YES;
				CLANG_WARN_EMPTY_BODY = YES;
				CLANG_WARN_ENUM_CONVERSION = YES;
				CLANG_WARN_INFINITE_RECURSION = YES;
				CLANG_WARN_INT_CONVERSION = YES;
				CLANG_WARN_NON_LITERAL_NULL_CONVERSION = YES;
				CLANG_WARN_OBJC_IMPLICIT_RETAIN_SELF = YES;
				CLANG_WARN_OBJC_LITERAL_CONVERSION = YES;
				CLANG_WARN_OBJC_ROOT_CLASS = YES_ERROR;
				CLANG_WARN_QUOTED_INCLUDE_IN_FRAMEWORK_HEADER = YES;
				CLANG_WARN_RANGE_LOOP_ANALYSIS = YES;
				CLANG_WARN_STRICT_PROTOTYPES = YES;
				CLANG_WARN_SUSPICIOUS_MOVE = YES;
				CLANG_WARN_UNGUARDED_AVAILABILITY = YES_AGGRESSIVE;
				CLANG_WARN_UNREACHABLE_CODE = YES;
				CLANG_WARN__DUPLICATE_METHOD_MATCH = YES;
				COPY_PHASE_STRIP = NO;
				DEBUG_INFORMATION_FORMAT = "dwarf-with-dsym";
				ENABLE_NS_ASSERTIONS = NO;
				ENABLE_STRICT_OBJC_MSGSEND = YES;
				GCC_C_LANGUAGE_STANDARD = gnu11;
				GCC_NO_COMMON_BLOCKS = YES;
				GCC_WARN_64_TO_32_BIT_CONVERSION = YES;
				GCC_WARN_ABOUT_RETURN_TYPE = YES_ERROR;
				GCC_WARN_UNDECLARED_SELECTOR = YES;
				GCC_WARN_UNINITIALIZED_AUTOS = YES_AGGRESSIVE;
				GCC_WARN_UNUSED_FUNCTION = YES;
				GCC_WARN_UNUSED_VARIABLE = YES;
				IPHONEOS_DEPLOYMENT_TARGET = 16.4;
				MTL_ENABLE_DEBUG_INFO = NO;
				MTL_FAST_MATH = YES;
				SDKROOT = iphoneos;
				SWIFT_COMPILATION_MODE = wholemodule;
				SWIFT_OPTIMIZATION_LEVEL = "-O";
				VALIDATE_PRODUCT = YES;
			};
			name = Release;
		};
		2C4D2E8A2AB9FB04005F731D /* Debug */ = {
			isa = XCBuildConfiguration;
			buildSettings = {
				ASSETCATALOG_COMPILER_APPICON_NAME = AppIcon;
				ASSETCATALOG_COMPILER_GLOBAL_ACCENT_COLOR_NAME = AccentColor;
				CODE_SIGN_STYLE = Automatic;
				CURRENT_PROJECT_VERSION = 1;
				DEVELOPMENT_TEAM = 4LM2FRMCNV;
				GENERATE_INFOPLIST_FILE = YES;
				INFOPLIST_FILE = BucketList/SupportingFiles/Info.plist;
				INFOPLIST_KEY_UIApplicationSupportsIndirectInputEvents = YES;
				INFOPLIST_KEY_UILaunchStoryboardName = LaunchScreen;
				INFOPLIST_KEY_UISupportedInterfaceOrientations_iPad = "UIInterfaceOrientationPortrait UIInterfaceOrientationPortraitUpsideDown UIInterfaceOrientationLandscapeLeft UIInterfaceOrientationLandscapeRight";
				INFOPLIST_KEY_UISupportedInterfaceOrientations_iPhone = "UIInterfaceOrientationPortrait UIInterfaceOrientationLandscapeLeft UIInterfaceOrientationLandscapeRight";
				IPHONEOS_DEPLOYMENT_TARGET = 14.0;
				LD_RUNPATH_SEARCH_PATHS = (
					"$(inherited)",
					"@executable_path/Frameworks",
				);
				MARKETING_VERSION = 1.0;
				PRODUCT_BUNDLE_IDENTIFIER = com.glebfandeev.BucketList;
				PRODUCT_NAME = "$(TARGET_NAME)";
				SWIFT_EMIT_LOC_STRINGS = YES;
				SWIFT_VERSION = 5.0;
				TARGETED_DEVICE_FAMILY = "1,2";
			};
			name = Debug;
		};
		2C4D2E8B2AB9FB04005F731D /* Release */ = {
			isa = XCBuildConfiguration;
			buildSettings = {
				ASSETCATALOG_COMPILER_APPICON_NAME = AppIcon;
				ASSETCATALOG_COMPILER_GLOBAL_ACCENT_COLOR_NAME = AccentColor;
				CODE_SIGN_STYLE = Automatic;
				CURRENT_PROJECT_VERSION = 1;
				DEVELOPMENT_TEAM = 4LM2FRMCNV;
				GENERATE_INFOPLIST_FILE = YES;
				INFOPLIST_FILE = BucketList/SupportingFiles/Info.plist;
				INFOPLIST_KEY_UIApplicationSupportsIndirectInputEvents = YES;
				INFOPLIST_KEY_UILaunchStoryboardName = LaunchScreen;
				INFOPLIST_KEY_UISupportedInterfaceOrientations_iPad = "UIInterfaceOrientationPortrait UIInterfaceOrientationPortraitUpsideDown UIInterfaceOrientationLandscapeLeft UIInterfaceOrientationLandscapeRight";
				INFOPLIST_KEY_UISupportedInterfaceOrientations_iPhone = "UIInterfaceOrientationPortrait UIInterfaceOrientationLandscapeLeft UIInterfaceOrientationLandscapeRight";
				IPHONEOS_DEPLOYMENT_TARGET = 14.0;
				LD_RUNPATH_SEARCH_PATHS = (
					"$(inherited)",
					"@executable_path/Frameworks",
				);
				MARKETING_VERSION = 1.0;
				PRODUCT_BUNDLE_IDENTIFIER = com.glebfandeev.BucketList;
				PRODUCT_NAME = "$(TARGET_NAME)";
				SWIFT_EMIT_LOC_STRINGS = YES;
				SWIFT_VERSION = 5.0;
				TARGETED_DEVICE_FAMILY = "1,2";
			};
			name = Release;
		};
		2C4D2E8D2AB9FB04005F731D /* Debug */ = {
			isa = XCBuildConfiguration;
			buildSettings = {
				ALWAYS_EMBED_SWIFT_STANDARD_LIBRARIES = YES;
				BUNDLE_LOADER = "$(TEST_HOST)";
				CODE_SIGN_STYLE = Automatic;
				CURRENT_PROJECT_VERSION = 1;
				DEVELOPMENT_TEAM = 4LM2FRMCNV;
				GENERATE_INFOPLIST_FILE = YES;
				IPHONEOS_DEPLOYMENT_TARGET = 16.4;
				MARKETING_VERSION = 1.0;
				PRODUCT_BUNDLE_IDENTIFIER = com.glebfandeev.BucketListTests;
				PRODUCT_NAME = "$(TARGET_NAME)";
				SWIFT_EMIT_LOC_STRINGS = NO;
				SWIFT_VERSION = 5.0;
				TARGETED_DEVICE_FAMILY = "1,2";
				TEST_HOST = "$(BUILT_PRODUCTS_DIR)/BucketList.app/$(BUNDLE_EXECUTABLE_FOLDER_PATH)/BucketList";
			};
			name = Debug;
		};
		2C4D2E8E2AB9FB04005F731D /* Release */ = {
			isa = XCBuildConfiguration;
			buildSettings = {
				ALWAYS_EMBED_SWIFT_STANDARD_LIBRARIES = YES;
				BUNDLE_LOADER = "$(TEST_HOST)";
				CODE_SIGN_STYLE = Automatic;
				CURRENT_PROJECT_VERSION = 1;
				DEVELOPMENT_TEAM = 4LM2FRMCNV;
				GENERATE_INFOPLIST_FILE = YES;
				IPHONEOS_DEPLOYMENT_TARGET = 16.4;
				MARKETING_VERSION = 1.0;
				PRODUCT_BUNDLE_IDENTIFIER = com.glebfandeev.BucketListTests;
				PRODUCT_NAME = "$(TARGET_NAME)";
				SWIFT_EMIT_LOC_STRINGS = NO;
				SWIFT_VERSION = 5.0;
				TARGETED_DEVICE_FAMILY = "1,2";
				TEST_HOST = "$(BUILT_PRODUCTS_DIR)/BucketList.app/$(BUNDLE_EXECUTABLE_FOLDER_PATH)/BucketList";
			};
			name = Release;
		};
		2C4D2E902AB9FB04005F731D /* Debug */ = {
			isa = XCBuildConfiguration;
			buildSettings = {
				ALWAYS_EMBED_SWIFT_STANDARD_LIBRARIES = YES;
				CODE_SIGN_STYLE = Automatic;
				CURRENT_PROJECT_VERSION = 1;
				DEVELOPMENT_TEAM = 4LM2FRMCNV;
				GENERATE_INFOPLIST_FILE = YES;
				MARKETING_VERSION = 1.0;
				PRODUCT_BUNDLE_IDENTIFIER = com.glebfandeev.BucketListUITests;
				PRODUCT_NAME = "$(TARGET_NAME)";
				SWIFT_EMIT_LOC_STRINGS = NO;
				SWIFT_VERSION = 5.0;
				TARGETED_DEVICE_FAMILY = "1,2";
				TEST_TARGET_NAME = BucketList;
			};
			name = Debug;
		};
		2C4D2E912AB9FB04005F731D /* Release */ = {
			isa = XCBuildConfiguration;
			buildSettings = {
				ALWAYS_EMBED_SWIFT_STANDARD_LIBRARIES = YES;
				CODE_SIGN_STYLE = Automatic;
				CURRENT_PROJECT_VERSION = 1;
				DEVELOPMENT_TEAM = 4LM2FRMCNV;
				GENERATE_INFOPLIST_FILE = YES;
				MARKETING_VERSION = 1.0;
				PRODUCT_BUNDLE_IDENTIFIER = com.glebfandeev.BucketListUITests;
				PRODUCT_NAME = "$(TARGET_NAME)";
				SWIFT_EMIT_LOC_STRINGS = NO;
				SWIFT_VERSION = 5.0;
				TARGETED_DEVICE_FAMILY = "1,2";
				TEST_TARGET_NAME = BucketList;
			};
			name = Release;
		};
/* End XCBuildConfiguration section */

/* Begin XCConfigurationList section */
		2C4D2E5A2AB9FB03005F731D /* Build configuration list for PBXProject "BucketList" */ = {
			isa = XCConfigurationList;
			buildConfigurations = (
				2C4D2E872AB9FB04005F731D /* Debug */,
				2C4D2E882AB9FB04005F731D /* Release */,
			);
			defaultConfigurationIsVisible = 0;
			defaultConfigurationName = Release;
		};
		2C4D2E892AB9FB04005F731D /* Build configuration list for PBXNativeTarget "BucketList" */ = {
			isa = XCConfigurationList;
			buildConfigurations = (
				2C4D2E8A2AB9FB04005F731D /* Debug */,
				2C4D2E8B2AB9FB04005F731D /* Release */,
			);
			defaultConfigurationIsVisible = 0;
			defaultConfigurationName = Release;
		};
		2C4D2E8C2AB9FB04005F731D /* Build configuration list for PBXNativeTarget "BucketListTests" */ = {
			isa = XCConfigurationList;
			buildConfigurations = (
				2C4D2E8D2AB9FB04005F731D /* Debug */,
				2C4D2E8E2AB9FB04005F731D /* Release */,
			);
			defaultConfigurationIsVisible = 0;
			defaultConfigurationName = Release;
		};
		2C4D2E8F2AB9FB04005F731D /* Build configuration list for PBXNativeTarget "BucketListUITests" */ = {
			isa = XCConfigurationList;
			buildConfigurations = (
				2C4D2E902AB9FB04005F731D /* Debug */,
				2C4D2E912AB9FB04005F731D /* Release */,
			);
			defaultConfigurationIsVisible = 0;
			defaultConfigurationName = Release;
		};
/* End XCConfigurationList section */

/* Begin XCRemoteSwiftPackageReference section */
		2C3C490B2AC34E060030E5EC /* XCRemoteSwiftPackageReference "realm-swift" */ = {
			isa = XCRemoteSwiftPackageReference;
			repositoryURL = "https://github.com/realm/realm-swift.git";
			requirement = {
				kind = exactVersion;
				version = 10.42.0;
			};
		};
/* End XCRemoteSwiftPackageReference section */

/* Begin XCSwiftPackageProductDependency section */
		2C26B3B82ABA0680000FF7D6 /* State */ = {
			isa = XCSwiftPackageProductDependency;
			productName = State;
		};
		2C3C490C2AC34E060030E5EC /* Realm */ = {
			isa = XCSwiftPackageProductDependency;
			package = 2C3C490B2AC34E060030E5EC /* XCRemoteSwiftPackageReference "realm-swift" */;
			productName = Realm;
		};
		2C3C490E2AC34E060030E5EC /* RealmSwift */ = {
			isa = XCSwiftPackageProductDependency;
			package = 2C3C490B2AC34E060030E5EC /* XCRemoteSwiftPackageReference "realm-swift" */;
			productName = RealmSwift;
		};
		2C3CCE362AC709A60030E5EC /* Core */ = {
			isa = XCSwiftPackageProductDependency;
			productName = Core;
		};
		2C3CCE392AC710C90030E5EC /* Models */ = {
			isa = XCSwiftPackageProductDependency;
			productName = Models;
		};
/* End XCSwiftPackageProductDependency section */
	};
	rootObject = 2C4D2E572AB9FB03005F731D /* Project object */;
}
